Microsoft Visual Studio Solution File, Format Version 12.00
# Visual Studio 14
VisualStudioVersion = 14.0.25420.0
MinimumVisualStudioVersion = 10.0.40219.1
Project("{FAE04EC0-301F-11D3-BF4B-00C04F79EFBC}") = "GetParseFunc", "GetParseFunc\GetParseFunc.csproj", "{2A467191-3B58-45EA-9B9F-5B2EF78C48DF}"
EndProject
Global
	GlobalSection(SolutionConfigurationPlatforms) = preSolution
		Debug|Any CPU = Debug|Any CPU
		Release|Any CPU = Release|Any CPU
	EndGlobalSection
	GlobalSection(ProjectConfigurationPlatforms) = postSolution
		{2A467191-3B58-45EA-9B9F-5B2EF78C48DF}.Debug|Any CPU.ActiveCfg = Debug|Any CPU
		{2A467191-3B58-45EA-9B9F-5B2EF78C48DF}.Debug|Any CPU.Build.0 = Debug|Any CPU
		{2A467191-3B58-45EA-9B9F-5B2EF78C48DF}.Release|Any CPU.ActiveCfg = Release|Any CPU
		{2A467191-3B58-45EA-9B9F-5B2EF78C48DF}.Release|Any CPU.Build.0 = Release|Any CPU
	EndGlobalSection
	GlobalSection(SolutionProperties) = preSolution
		HideSolutionNode = FALSE
	EndGlobalSection
EndGlobal
